
Microsoft Visual Studio Solution File, Format Version 12.00
# Visual Studio 14
VisualStudioVersion = 14.0.22310.1
MinimumVisualStudioVersion = 10.0.40219.1
Project("{F2A71F9B-5D33-465A-A702-920D77279786}") = "FSharpSandbox", "FSharpSandbox\FSharpSandbox.fsproj", "{074189D6-052C-4DBA-A250-B02155A34D55}"
EndProject
Project("{F2A71F9B-5D33-465A-A702-920D77279786}") = "Portable", "Portable\Portable.fsproj", "{AE81B853-1AE3-427B-90DB-FFA52876943E}"
EndProject
Project("{2150E333-8FDC-42A3-9474-1A3956D46DE8}") = "App1", "App1", "{48404FE7-79FB-44D4-AB41-9D1988D75014}"
EndProject
Project("{D954291E-2A0B-460D-934E-DC6B0785DB48}") = "App1.Shared", "App1\App1.Shared\App1.Shared.shproj", "{7FA9340E-B1BF-4344-B729-5B5BC762BDE1}"
EndProject
Project("{FAE04EC0-301F-11D3-BF4B-00C04F79EFBC}") = "App1.Windows", "App1\App1.Windows\App1.Windows.csproj", "{11B9EC6E-8A7D-459B-A8F2-BCD89A9AC8BA}"
EndProject
Project("{FAE04EC0-301F-11D3-BF4B-00C04F79EFBC}") = "App1.WindowsPhone", "App1\App1.WindowsPhone\App1.WindowsPhone.csproj", "{779DBB07-8BD2-4F2E-8831-D832B1EC6F2E}"
EndProject
Project("{F2A71F9B-5D33-465A-A702-920D77279786}") = "LuncherConsole", "LuncherConsole\LuncherConsole.fsproj", "{2CD77228-C14E-45A4-87E3-938E7C84441E}"
EndProject
Project("{2150E333-8FDC-42A3-9474-1A3956D46DE8}") = "Luncher", "Luncher", "{92BFA305-1D39-4B88-AE6A-0AF6AB4CB44B}"
EndProject
Project("{D954291E-2A0B-460D-934E-DC6B0785DB48}") = "Luncher.Shared", "Luncher\Luncher.Shared\Luncher.Shared.shproj", "{2320B21C-9E3A-46F3-BADB-36D013DD9EA8}"
EndProject
Project("{FAE04EC0-301F-11D3-BF4B-00C04F79EFBC}") = "Luncher.Windows", "Luncher\Luncher.Windows\Luncher.Windows.csproj", "{B23F6B0D-98EB-4CEE-8C49-F12D5C45D4D4}"
EndProject
Project("{FAE04EC0-301F-11D3-BF4B-00C04F79EFBC}") = "Luncher.WindowsPhone", "Luncher\Luncher.WindowsPhone\Luncher.WindowsPhone.csproj", "{5381F02E-7351-4BD7-83A9-51DE137114B5}"
EndProject
Project("{FAE04EC0-301F-11D3-BF4B-00C04F79EFBC}") = "Luncher.ViewModels", "Luncher.ViewModels\Luncher.ViewModels.csproj", "{8FF45D50-861F-4417-B394-722A00852A53}"
EndProject
Project("{F2A71F9B-5D33-465A-A702-920D77279786}") = "Luncher.Api", "Luncher.Api\Luncher.Api.fsproj", "{13F49215-CD5A-436D-95F1-4A46BC02E2EF}"
EndProject
Project("{FAE04EC0-301F-11D3-BF4B-00C04F79EFBC}") = "Launcher.Services.Universal", "Launcher.Services.Universal\Launcher.Services.Universal.csproj", "{71EAED28-EE41-46D7-9DA8-B28A1A81BC10}"
EndProject
Project("{FAE04EC0-301F-11D3-BF4B-00C04F79EFBC}") = "Luncher.Services", "Luncher.Services\Luncher.Services.csproj", "{07A0DA32-7F8D-4D9E-843F-DD8DED51B871}"
EndProject
Project("{FAE04EC0-301F-11D3-BF4B-00C04F79EFBC}") = "Luncher.Tests", "Luncher.Tests\Luncher.Tests.csproj", "{15E026E0-9F29-4E89-B943-DEB1E06A7E4E}"
EndProject
Global
	GlobalSection(SharedMSBuildProjectFiles) = preSolution
		Luncher\Luncher.Shared\Luncher.Shared.projitems*{2320b21c-9e3a-46f3-badb-36d013dd9ea8}*SharedItemsImports = 13
		App1\App1.Shared\App1.Shared.projitems*{7fa9340e-b1bf-4344-b729-5b5bc762bde1}*SharedItemsImports = 13
		Luncher\Luncher.Shared\Luncher.Shared.projitems*{b23f6b0d-98eb-4cee-8c49-f12d5c45d4d4}*SharedItemsImports = 4
		App1\App1.Shared\App1.Shared.projitems*{779dbb07-8bd2-4f2e-8831-d832b1ec6f2e}*SharedItemsImports = 4
		App1\App1.Shared\App1.Shared.projitems*{11b9ec6e-8a7d-459b-a8f2-bcd89a9ac8ba}*SharedItemsImports = 4
		Luncher\Luncher.Shared\Luncher.Shared.projitems*{5381f02e-7351-4bd7-83a9-51de137114b5}*SharedItemsImports = 4
	EndGlobalSection
	GlobalSection(SolutionConfigurationPlatforms) = preSolution
		Debug|Any CPU = Debug|Any CPU
		Debug|ARM = Debug|ARM
		Debug|x64 = Debug|x64
		Debug|x86 = Debug|x86
		Release|Any CPU = Release|Any CPU
		Release|ARM = Release|ARM
		Release|x64 = Release|x64
		Release|x86 = Release|x86
	EndGlobalSection
	GlobalSection(ProjectConfigurationPlatforms) = postSolution
		{074189D6-052C-4DBA-A250-B02155A34D55}.Debug|Any CPU.ActiveCfg = Debug|Any CPU
		{074189D6-052C-4DBA-A250-B02155A34D55}.Debug|Any CPU.Build.0 = Debug|Any CPU
		{074189D6-052C-4DBA-A250-B02155A34D55}.Debug|ARM.ActiveCfg = Debug|Any CPU
		{074189D6-052C-4DBA-A250-B02155A34D55}.Debug|ARM.Build.0 = Debug|Any CPU
		{074189D6-052C-4DBA-A250-B02155A34D55}.Debug|x64.ActiveCfg = Debug|Any CPU
		{074189D6-052C-4DBA-A250-B02155A34D55}.Debug|x64.Build.0 = Debug|Any CPU
		{074189D6-052C-4DBA-A250-B02155A34D55}.Debug|x86.ActiveCfg = Debug|Any CPU
		{074189D6-052C-4DBA-A250-B02155A34D55}.Debug|x86.Build.0 = Debug|Any CPU
		{074189D6-052C-4DBA-A250-B02155A34D55}.Release|Any CPU.ActiveCfg = Release|Any CPU
		{074189D6-052C-4DBA-A250-B02155A34D55}.Release|Any CPU.Build.0 = Release|Any CPU
		{074189D6-052C-4DBA-A250-B02155A34D55}.Release|ARM.ActiveCfg = Release|Any CPU
		{074189D6-052C-4DBA-A250-B02155A34D55}.Release|ARM.Build.0 = Release|Any CPU
		{074189D6-052C-4DBA-A250-B02155A34D55}.Release|x64.ActiveCfg = Release|Any CPU
		{074189D6-052C-4DBA-A250-B02155A34D55}.Release|x64.Build.0 = Release|Any CPU
		{074189D6-052C-4DBA-A250-B02155A34D55}.Release|x86.ActiveCfg = Release|Any CPU
		{074189D6-052C-4DBA-A250-B02155A34D55}.Release|x86.Build.0 = Release|Any CPU
		{AE81B853-1AE3-427B-90DB-FFA52876943E}.Debug|Any CPU.ActiveCfg = Debug|Any CPU
		{AE81B853-1AE3-427B-90DB-FFA52876943E}.Debug|Any CPU.Build.0 = Debug|Any CPU
		{AE81B853-1AE3-427B-90DB-FFA52876943E}.Debug|ARM.ActiveCfg = Debug|Any CPU
		{AE81B853-1AE3-427B-90DB-FFA52876943E}.Debug|ARM.Build.0 = Debug|Any CPU
		{AE81B853-1AE3-427B-90DB-FFA52876943E}.Debug|x64.ActiveCfg = Debug|Any CPU
		{AE81B853-1AE3-427B-90DB-FFA52876943E}.Debug|x64.Build.0 = Debug|Any CPU
		{AE81B853-1AE3-427B-90DB-FFA52876943E}.Debug|x86.ActiveCfg = Debug|Any CPU
		{AE81B853-1AE3-427B-90DB-FFA52876943E}.Debug|x86.Build.0 = Debug|Any CPU
		{AE81B853-1AE3-427B-90DB-FFA52876943E}.Release|Any CPU.ActiveCfg = Release|Any CPU
		{AE81B853-1AE3-427B-90DB-FFA52876943E}.Release|Any CPU.Build.0 = Release|Any CPU
		{AE81B853-1AE3-427B-90DB-FFA52876943E}.Release|ARM.ActiveCfg = Release|Any CPU
		{AE81B853-1AE3-427B-90DB-FFA52876943E}.Release|ARM.Build.0 = Release|Any CPU
		{AE81B853-1AE3-427B-90DB-FFA52876943E}.Release|x64.ActiveCfg = Release|Any CPU
		{AE81B853-1AE3-427B-90DB-FFA52876943E}.Release|x64.Build.0 = Release|Any CPU
		{AE81B853-1AE3-427B-90DB-FFA52876943E}.Release|x86.ActiveCfg = Release|Any CPU
		{AE81B853-1AE3-427B-90DB-FFA52876943E}.Release|x86.Build.0 = Release|Any CPU
		{11B9EC6E-8A7D-459B-A8F2-BCD89A9AC8BA}.Debug|Any CPU.ActiveCfg = Debug|Any CPU
		{11B9EC6E-8A7D-459B-A8F2-BCD89A9AC8BA}.Debug|Any CPU.Build.0 = Debug|Any CPU
		{11B9EC6E-8A7D-459B-A8F2-BCD89A9AC8BA}.Debug|Any CPU.Deploy.0 = Debug|Any CPU
		{11B9EC6E-8A7D-459B-A8F2-BCD89A9AC8BA}.Debug|ARM.ActiveCfg = Debug|ARM
		{11B9EC6E-8A7D-459B-A8F2-BCD89A9AC8BA}.Debug|ARM.Build.0 = Debug|ARM
		{11B9EC6E-8A7D-459B-A8F2-BCD89A9AC8BA}.Debug|ARM.Deploy.0 = Debug|ARM
		{11B9EC6E-8A7D-459B-A8F2-BCD89A9AC8BA}.Debug|x64.ActiveCfg = Debug|x64
		{11B9EC6E-8A7D-459B-A8F2-BCD89A9AC8BA}.Debug|x64.Build.0 = Debug|x64
		{11B9EC6E-8A7D-459B-A8F2-BCD89A9AC8BA}.Debug|x64.Deploy.0 = Debug|x64
		{11B9EC6E-8A7D-459B-A8F2-BCD89A9AC8BA}.Debug|x86.ActiveCfg = Debug|x86
		{11B9EC6E-8A7D-459B-A8F2-BCD89A9AC8BA}.Debug|x86.Build.0 = Debug|x86
		{11B9EC6E-8A7D-459B-A8F2-BCD89A9AC8BA}.Debug|x86.Deploy.0 = Debug|x86
		{11B9EC6E-8A7D-459B-A8F2-BCD89A9AC8BA}.Release|Any CPU.ActiveCfg = Release|Any CPU
		{11B9EC6E-8A7D-459B-A8F2-BCD89A9AC8BA}.Release|Any CPU.Build.0 = Release|Any CPU
		{11B9EC6E-8A7D-459B-A8F2-BCD89A9AC8BA}.Release|Any CPU.Deploy.0 = Release|Any CPU
		{11B9EC6E-8A7D-459B-A8F2-BCD89A9AC8BA}.Release|ARM.ActiveCfg = Release|ARM
		{11B9EC6E-8A7D-459B-A8F2-BCD89A9AC8BA}.Release|ARM.Build.0 = Release|ARM
		{11B9EC6E-8A7D-459B-A8F2-BCD89A9AC8BA}.Release|ARM.Deploy.0 = Release|ARM
		{11B9EC6E-8A7D-459B-A8F2-BCD89A9AC8BA}.Release|x64.ActiveCfg = Release|x64
		{11B9EC6E-8A7D-459B-A8F2-BCD89A9AC8BA}.Release|x64.Build.0 = Release|x64
		{11B9EC6E-8A7D-459B-A8F2-BCD89A9AC8BA}.Release|x64.Deploy.0 = Release|x64
		{11B9EC6E-8A7D-459B-A8F2-BCD89A9AC8BA}.Release|x86.ActiveCfg = Release|x86
		{11B9EC6E-8A7D-459B-A8F2-BCD89A9AC8BA}.Release|x86.Build.0 = Release|x86
		{11B9EC6E-8A7D-459B-A8F2-BCD89A9AC8BA}.Release|x86.Deploy.0 = Release|x86
		{779DBB07-8BD2-4F2E-8831-D832B1EC6F2E}.Debug|Any CPU.ActiveCfg = Debug|Any CPU
		{779DBB07-8BD2-4F2E-8831-D832B1EC6F2E}.Debug|Any CPU.Build.0 = Debug|Any CPU
		{779DBB07-8BD2-4F2E-8831-D832B1EC6F2E}.Debug|Any CPU.Deploy.0 = Debug|Any CPU
		{779DBB07-8BD2-4F2E-8831-D832B1EC6F2E}.Debug|ARM.ActiveCfg = Debug|ARM
		{779DBB07-8BD2-4F2E-8831-D832B1EC6F2E}.Debug|ARM.Build.0 = Debug|ARM
		{779DBB07-8BD2-4F2E-8831-D832B1EC6F2E}.Debug|ARM.Deploy.0 = Debug|ARM
		{779DBB07-8BD2-4F2E-8831-D832B1EC6F2E}.Debug|x64.ActiveCfg = Debug|Any CPU
		{779DBB07-8BD2-4F2E-8831-D832B1EC6F2E}.Debug|x64.Build.0 = Debug|Any CPU
		{779DBB07-8BD2-4F2E-8831-D832B1EC6F2E}.Debug|x64.Deploy.0 = Debug|Any CPU
		{779DBB07-8BD2-4F2E-8831-D832B1EC6F2E}.Debug|x86.ActiveCfg = Debug|x86
		{779DBB07-8BD2-4F2E-8831-D832B1EC6F2E}.Debug|x86.Build.0 = Debug|x86
		{779DBB07-8BD2-4F2E-8831-D832B1EC6F2E}.Debug|x86.Deploy.0 = Debug|x86
		{779DBB07-8BD2-4F2E-8831-D832B1EC6F2E}.Release|Any CPU.ActiveCfg = Release|Any CPU
		{779DBB07-8BD2-4F2E-8831-D832B1EC6F2E}.Release|Any CPU.Build.0 = Release|Any CPU
		{779DBB07-8BD2-4F2E-8831-D832B1EC6F2E}.Release|Any CPU.Deploy.0 = Release|Any CPU
		{779DBB07-8BD2-4F2E-8831-D832B1EC6F2E}.Release|ARM.ActiveCfg = Release|ARM
		{779DBB07-8BD2-4F2E-8831-D832B1EC6F2E}.Release|ARM.Build.0 = Release|ARM
		{779DBB07-8BD2-4F2E-8831-D832B1EC6F2E}.Release|ARM.Deploy.0 = Release|ARM
		{779DBB07-8BD2-4F2E-8831-D832B1EC6F2E}.Release|x64.ActiveCfg = Release|Any CPU
		{779DBB07-8BD2-4F2E-8831-D832B1EC6F2E}.Release|x64.Build.0 = Release|Any CPU
		{779DBB07-8BD2-4F2E-8831-D832B1EC6F2E}.Release|x64.Deploy.0 = Release|Any CPU
		{779DBB07-8BD2-4F2E-8831-D832B1EC6F2E}.Release|x86.ActiveCfg = Release|x86
		{779DBB07-8BD2-4F2E-8831-D832B1EC6F2E}.Release|x86.Build.0 = Release|x86
		{779DBB07-8BD2-4F2E-8831-D832B1EC6F2E}.Release|x86.Deploy.0 = Release|x86
		{2CD77228-C14E-45A4-87E3-938E7C84441E}.Debug|Any CPU.ActiveCfg = Debug|Any CPU
		{2CD77228-C14E-45A4-87E3-938E7C84441E}.Debug|Any CPU.Build.0 = Debug|Any CPU
		{2CD77228-C14E-45A4-87E3-938E7C84441E}.Debug|ARM.ActiveCfg = Debug|Any CPU
		{2CD77228-C14E-45A4-87E3-938E7C84441E}.Debug|ARM.Build.0 = Debug|Any CPU
		{2CD77228-C14E-45A4-87E3-938E7C84441E}.Debug|x64.ActiveCfg = Debug|Any CPU
		{2CD77228-C14E-45A4-87E3-938E7C84441E}.Debug|x64.Build.0 = Debug|Any CPU
		{2CD77228-C14E-45A4-87E3-938E7C84441E}.Debug|x86.ActiveCfg = Debug|Any CPU
		{2CD77228-C14E-45A4-87E3-938E7C84441E}.Debug|x86.Build.0 = Debug|Any CPU
		{2CD77228-C14E-45A4-87E3-938E7C84441E}.Release|Any CPU.ActiveCfg = Release|Any CPU
		{2CD77228-C14E-45A4-87E3-938E7C84441E}.Release|Any CPU.Build.0 = Release|Any CPU
		{2CD77228-C14E-45A4-87E3-938E7C84441E}.Release|ARM.ActiveCfg = Release|Any CPU
		{2CD77228-C14E-45A4-87E3-938E7C84441E}.Release|ARM.Build.0 = Release|Any CPU
		{2CD77228-C14E-45A4-87E3-938E7C84441E}.Release|x64.ActiveCfg = Release|Any CPU
		{2CD77228-C14E-45A4-87E3-938E7C84441E}.Release|x64.Build.0 = Release|Any CPU
		{2CD77228-C14E-45A4-87E3-938E7C84441E}.Release|x86.ActiveCfg = Release|Any CPU
		{2CD77228-C14E-45A4-87E3-938E7C84441E}.Release|x86.Build.0 = Release|Any CPU
		{B23F6B0D-98EB-4CEE-8C49-F12D5C45D4D4}.Debug|Any CPU.ActiveCfg = Debug|Any CPU
		{B23F6B0D-98EB-4CEE-8C49-F12D5C45D4D4}.Debug|Any CPU.Build.0 = Debug|Any CPU
		{B23F6B0D-98EB-4CEE-8C49-F12D5C45D4D4}.Debug|Any CPU.Deploy.0 = Debug|Any CPU
		{B23F6B0D-98EB-4CEE-8C49-F12D5C45D4D4}.Debug|ARM.ActiveCfg = Debug|ARM
		{B23F6B0D-98EB-4CEE-8C49-F12D5C45D4D4}.Debug|ARM.Build.0 = Debug|ARM
		{B23F6B0D-98EB-4CEE-8C49-F12D5C45D4D4}.Debug|ARM.Deploy.0 = Debug|ARM
		{B23F6B0D-98EB-4CEE-8C49-F12D5C45D4D4}.Debug|x64.ActiveCfg = Debug|x64
		{B23F6B0D-98EB-4CEE-8C49-F12D5C45D4D4}.Debug|x64.Build.0 = Debug|x64
		{B23F6B0D-98EB-4CEE-8C49-F12D5C45D4D4}.Debug|x64.Deploy.0 = Debug|x64
		{B23F6B0D-98EB-4CEE-8C49-F12D5C45D4D4}.Debug|x86.ActiveCfg = Debug|x86
		{B23F6B0D-98EB-4CEE-8C49-F12D5C45D4D4}.Debug|x86.Build.0 = Debug|x86
		{B23F6B0D-98EB-4CEE-8C49-F12D5C45D4D4}.Debug|x86.Deploy.0 = Debug|x86
		{B23F6B0D-98EB-4CEE-8C49-F12D5C45D4D4}.Release|Any CPU.ActiveCfg = Release|Any CPU
		{B23F6B0D-98EB-4CEE-8C49-F12D5C45D4D4}.Release|Any CPU.Build.0 = Release|Any CPU
		{B23F6B0D-98EB-4CEE-8C49-F12D5C45D4D4}.Release|Any CPU.Deploy.0 = Release|Any CPU
		{B23F6B0D-98EB-4CEE-8C49-F12D5C45D4D4}.Release|ARM.ActiveCfg = Release|ARM
		{B23F6B0D-98EB-4CEE-8C49-F12D5C45D4D4}.Release|ARM.Build.0 = Release|ARM
		{B23F6B0D-98EB-4CEE-8C49-F12D5C45D4D4}.Release|ARM.Deploy.0 = Release|ARM
		{B23F6B0D-98EB-4CEE-8C49-F12D5C45D4D4}.Release|x64.ActiveCfg = Release|x64
		{B23F6B0D-98EB-4CEE-8C49-F12D5C45D4D4}.Release|x64.Build.0 = Release|x64
		{B23F6B0D-98EB-4CEE-8C49-F12D5C45D4D4}.Release|x64.Deploy.0 = Release|x64
		{B23F6B0D-98EB-4CEE-8C49-F12D5C45D4D4}.Release|x86.ActiveCfg = Release|x86
		{B23F6B0D-98EB-4CEE-8C49-F12D5C45D4D4}.Release|x86.Build.0 = Release|x86
		{B23F6B0D-98EB-4CEE-8C49-F12D5C45D4D4}.Release|x86.Deploy.0 = Release|x86
		{5381F02E-7351-4BD7-83A9-51DE137114B5}.Debug|Any CPU.ActiveCfg = Debug|Any CPU
		{5381F02E-7351-4BD7-83A9-51DE137114B5}.Debug|Any CPU.Build.0 = Debug|Any CPU
		{5381F02E-7351-4BD7-83A9-51DE137114B5}.Debug|Any CPU.Deploy.0 = Debug|Any CPU
		{5381F02E-7351-4BD7-83A9-51DE137114B5}.Debug|ARM.ActiveCfg = Debug|ARM
		{5381F02E-7351-4BD7-83A9-51DE137114B5}.Debug|ARM.Build.0 = Debug|ARM
		{5381F02E-7351-4BD7-83A9-51DE137114B5}.Debug|ARM.Deploy.0 = Debug|ARM
		{5381F02E-7351-4BD7-83A9-51DE137114B5}.Debug|x64.ActiveCfg = Debug|Any CPU
		{5381F02E-7351-4BD7-83A9-51DE137114B5}.Debug|x64.Build.0 = Debug|Any CPU
		{5381F02E-7351-4BD7-83A9-51DE137114B5}.Debug|x64.Deploy.0 = Debug|Any CPU
		{5381F02E-7351-4BD7-83A9-51DE137114B5}.Debug|x86.ActiveCfg = Debug|x86
		{5381F02E-7351-4BD7-83A9-51DE137114B5}.Debug|x86.Build.0 = Debug|x86
		{5381F02E-7351-4BD7-83A9-51DE137114B5}.Debug|x86.Deploy.0 = Debug|x86
		{5381F02E-7351-4BD7-83A9-51DE137114B5}.Release|Any CPU.ActiveCfg = Release|Any CPU
		{5381F02E-7351-4BD7-83A9-51DE137114B5}.Release|Any CPU.Build.0 = Release|Any CPU
		{5381F02E-7351-4BD7-83A9-51DE137114B5}.Release|Any CPU.Deploy.0 = Release|Any CPU
		{5381F02E-7351-4BD7-83A9-51DE137114B5}.Release|ARM.ActiveCfg = Release|ARM
		{5381F02E-7351-4BD7-83A9-51DE137114B5}.Release|ARM.Build.0 = Release|ARM
		{5381F02E-7351-4BD7-83A9-51DE137114B5}.Release|ARM.Deploy.0 = Release|ARM
		{5381F02E-7351-4BD7-83A9-51DE137114B5}.Release|x64.ActiveCfg = Release|Any CPU
		{5381F02E-7351-4BD7-83A9-51DE137114B5}.Release|x64.Build.0 = Release|Any CPU
		{5381F02E-7351-4BD7-83A9-51DE137114B5}.Release|x64.Deploy.0 = Release|Any CPU
		{5381F02E-7351-4BD7-83A9-51DE137114B5}.Release|x86.ActiveCfg = Release|x86
		{5381F02E-7351-4BD7-83A9-51DE137114B5}.Release|x86.Build.0 = Release|x86
		{5381F02E-7351-4BD7-83A9-51DE137114B5}.Release|x86.Deploy.0 = Release|x86
		{8FF45D50-861F-4417-B394-722A00852A53}.Debug|Any CPU.ActiveCfg = Debug|Any CPU
		{8FF45D50-861F-4417-B394-722A00852A53}.Debug|Any CPU.Build.0 = Debug|Any CPU
		{8FF45D50-861F-4417-B394-722A00852A53}.Debug|ARM.ActiveCfg = Debug|Any CPU
		{8FF45D50-861F-4417-B394-722A00852A53}.Debug|ARM.Build.0 = Debug|Any CPU
		{8FF45D50-861F-4417-B394-722A00852A53}.Debug|x64.ActiveCfg = Debug|Any CPU
		{8FF45D50-861F-4417-B394-722A00852A53}.Debug|x64.Build.0 = Debug|Any CPU
		{8FF45D50-861F-4417-B394-722A00852A53}.Debug|x86.ActiveCfg = Debug|Any CPU
		{8FF45D50-861F-4417-B394-722A00852A53}.Debug|x86.Build.0 = Debug|Any CPU
		{8FF45D50-861F-4417-B394-722A00852A53}.Release|Any CPU.ActiveCfg = Release|Any CPU
		{8FF45D50-861F-4417-B394-722A00852A53}.Release|Any CPU.Build.0 = Release|Any CPU
		{8FF45D50-861F-4417-B394-722A00852A53}.Release|ARM.ActiveCfg = Release|Any CPU
		{8FF45D50-861F-4417-B394-722A00852A53}.Release|ARM.Build.0 = Release|Any CPU
		{8FF45D50-861F-4417-B394-722A00852A53}.Release|x64.ActiveCfg = Release|Any CPU
		{8FF45D50-861F-4417-B394-722A00852A53}.Release|x64.Build.0 = Release|Any CPU
		{8FF45D50-861F-4417-B394-722A00852A53}.Release|x86.ActiveCfg = Release|Any CPU
		{8FF45D50-861F-4417-B394-722A00852A53}.Release|x86.Build.0 = Release|Any CPU
		{13F49215-CD5A-436D-95F1-4A46BC02E2EF}.Debug|Any CPU.ActiveCfg = Debug|Any CPU
		{13F49215-CD5A-436D-95F1-4A46BC02E2EF}.Debug|Any CPU.Build.0 = Debug|Any CPU
		{13F49215-CD5A-436D-95F1-4A46BC02E2EF}.Debug|ARM.ActiveCfg = Debug|Any CPU
		{13F49215-CD5A-436D-95F1-4A46BC02E2EF}.Debug|ARM.Build.0 = Debug|Any CPU
		{13F49215-CD5A-436D-95F1-4A46BC02E2EF}.Debug|x64.ActiveCfg = Debug|Any CPU
		{13F49215-CD5A-436D-95F1-4A46BC02E2EF}.Debug|x64.Build.0 = Debug|Any CPU
		{13F49215-CD5A-436D-95F1-4A46BC02E2EF}.Debug|x86.ActiveCfg = Debug|Any CPU
		{13F49215-CD5A-436D-95F1-4A46BC02E2EF}.Debug|x86.Build.0 = Debug|Any CPU
		{13F49215-CD5A-436D-95F1-4A46BC02E2EF}.Release|Any CPU.ActiveCfg = Release|Any CPU
		{13F49215-CD5A-436D-95F1-4A46BC02E2EF}.Release|Any CPU.Build.0 = Release|Any CPU
		{13F49215-CD5A-436D-95F1-4A46BC02E2EF}.Release|ARM.ActiveCfg = Release|Any CPU
		{13F49215-CD5A-436D-95F1-4A46BC02E2EF}.Release|ARM.Build.0 = Release|Any CPU
		{13F49215-CD5A-436D-95F1-4A46BC02E2EF}.Release|x64.ActiveCfg = Release|Any CPU
		{13F49215-CD5A-436D-95F1-4A46BC02E2EF}.Release|x64.Build.0 = Release|Any CPU
		{13F49215-CD5A-436D-95F1-4A46BC02E2EF}.Release|x86.ActiveCfg = Release|Any CPU
		{13F49215-CD5A-436D-95F1-4A46BC02E2EF}.Release|x86.Build.0 = Release|Any CPU
		{71EAED28-EE41-46D7-9DA8-B28A1A81BC10}.Debug|Any CPU.ActiveCfg = Debug|Any CPU
		{71EAED28-EE41-46D7-9DA8-B28A1A81BC10}.Debug|Any CPU.Build.0 = Debug|Any CPU
		{71EAED28-EE41-46D7-9DA8-B28A1A81BC10}.Debug|ARM.ActiveCfg = Debug|Any CPU
		{71EAED28-EE41-46D7-9DA8-B28A1A81BC10}.Debug|ARM.Build.0 = Debug|Any CPU
		{71EAED28-EE41-46D7-9DA8-B28A1A81BC10}.Debug|x64.ActiveCfg = Debug|Any CPU
		{71EAED28-EE41-46D7-9DA8-B28A1A81BC10}.Debug|x64.Build.0 = Debug|Any CPU
		{71EAED28-EE41-46D7-9DA8-B28A1A81BC10}.Debug|x86.ActiveCfg = Debug|Any CPU
		{71EAED28-EE41-46D7-9DA8-B28A1A81BC10}.Debug|x86.Build.0 = Debug|Any CPU
		{71EAED28-EE41-46D7-9DA8-B28A1A81BC10}.Release|Any CPU.ActiveCfg = Release|Any CPU
		{71EAED28-EE41-46D7-9DA8-B28A1A81BC10}.Release|Any CPU.Build.0 = Release|Any CPU
		{71EAED28-EE41-46D7-9DA8-B28A1A81BC10}.Release|ARM.ActiveCfg = Release|Any CPU
		{71EAED28-EE41-46D7-9DA8-B28A1A81BC10}.Release|ARM.Build.0 = Release|Any CPU
		{71EAED28-EE41-46D7-9DA8-B28A1A81BC10}.Release|x64.ActiveCfg = Release|Any CPU
		{71EAED28-EE41-46D7-9DA8-B28A1A81BC10}.Release|x64.Build.0 = Release|Any CPU
		{71EAED28-EE41-46D7-9DA8-B28A1A81BC10}.Release|x86.ActiveCfg = Release|Any CPU
		{71EAED28-EE41-46D7-9DA8-B28A1A81BC10}.Release|x86.Build.0 = Release|Any CPU
		{07A0DA32-7F8D-4D9E-843F-DD8DED51B871}.Debug|Any CPU.ActiveCfg = Debug|Any CPU
		{07A0DA32-7F8D-4D9E-843F-DD8DED51B871}.Debug|Any CPU.Build.0 = Debug|Any CPU
		{07A0DA32-7F8D-4D9E-843F-DD8DED51B871}.Debug|ARM.ActiveCfg = Debug|Any CPU
		{07A0DA32-7F8D-4D9E-843F-DD8DED51B871}.Debug|ARM.Build.0 = Debug|Any CPU
		{07A0DA32-7F8D-4D9E-843F-DD8DED51B871}.Debug|x64.ActiveCfg = Debug|Any CPU
		{07A0DA32-7F8D-4D9E-843F-DD8DED51B871}.Debug|x64.Build.0 = Debug|Any CPU
		{07A0DA32-7F8D-4D9E-843F-DD8DED51B871}.Debug|x86.ActiveCfg = Debug|Any CPU
		{07A0DA32-7F8D-4D9E-843F-DD8DED51B871}.Debug|x86.Build.0 = Debug|Any CPU
		{07A0DA32-7F8D-4D9E-843F-DD8DED51B871}.Release|Any CPU.ActiveCfg = Release|Any CPU
		{07A0DA32-7F8D-4D9E-843F-DD8DED51B871}.Release|Any CPU.Build.0 = Release|Any CPU
		{07A0DA32-7F8D-4D9E-843F-DD8DED51B871}.Release|ARM.ActiveCfg = Release|Any CPU
		{07A0DA32-7F8D-4D9E-843F-DD8DED51B871}.Release|ARM.Build.0 = Release|Any CPU
		{07A0DA32-7F8D-4D9E-843F-DD8DED51B871}.Release|x64.ActiveCfg = Release|Any CPU
		{07A0DA32-7F8D-4D9E-843F-DD8DED51B871}.Release|x64.Build.0 = Release|Any CPU
		{07A0DA32-7F8D-4D9E-843F-DD8DED51B871}.Release|x86.ActiveCfg = Release|Any CPU
		{07A0DA32-7F8D-4D9E-843F-DD8DED51B871}.Release|x86.Build.0 = Release|Any CPU
		{15E026E0-9F29-4E89-B943-DEB1E06A7E4E}.Debug|Any CPU.ActiveCfg = Debug|Any CPU
		{15E026E0-9F29-4E89-B943-DEB1E06A7E4E}.Debug|Any CPU.Build.0 = Debug|Any CPU
		{15E026E0-9F29-4E89-B943-DEB1E06A7E4E}.Debug|ARM.ActiveCfg = Debug|Any CPU
		{15E026E0-9F29-4E89-B943-DEB1E06A7E4E}.Debug|ARM.Build.0 = Debug|Any CPU
		{15E026E0-9F29-4E89-B943-DEB1E06A7E4E}.Debug|x64.ActiveCfg = Debug|Any CPU
		{15E026E0-9F29-4E89-B943-DEB1E06A7E4E}.Debug|x64.Build.0 = Debug|Any CPU
		{15E026E0-9F29-4E89-B943-DEB1E06A7E4E}.Debug|x86.ActiveCfg = Debug|Any CPU
		{15E026E0-9F29-4E89-B943-DEB1E06A7E4E}.Debug|x86.Build.0 = Debug|Any CPU
		{15E026E0-9F29-4E89-B943-DEB1E06A7E4E}.Release|Any CPU.ActiveCfg = Release|Any CPU
		{15E026E0-9F29-4E89-B943-DEB1E06A7E4E}.Release|Any CPU.Build.0 = Release|Any CPU
		{15E026E0-9F29-4E89-B943-DEB1E06A7E4E}.Release|ARM.ActiveCfg = Release|Any CPU
		{15E026E0-9F29-4E89-B943-DEB1E06A7E4E}.Release|ARM.Build.0 = Release|Any CPU
		{15E026E0-9F29-4E89-B943-DEB1E06A7E4E}.Release|x64.ActiveCfg = Release|Any CPU
		{15E026E0-9F29-4E89-B943-DEB1E06A7E4E}.Release|x64.Build.0 = Release|Any CPU
		{15E026E0-9F29-4E89-B943-DEB1E06A7E4E}.Release|x86.ActiveCfg = Release|Any CPU
		{15E026E0-9F29-4E89-B943-DEB1E06A7E4E}.Release|x86.Build.0 = Release|Any CPU
	EndGlobalSection
	GlobalSection(SolutionProperties) = preSolution
		HideSolutionNode = FALSE
	EndGlobalSection
	GlobalSection(NestedProjects) = preSolution
		{7FA9340E-B1BF-4344-B729-5B5BC762BDE1} = {48404FE7-79FB-44D4-AB41-9D1988D75014}
		{11B9EC6E-8A7D-459B-A8F2-BCD89A9AC8BA} = {48404FE7-79FB-44D4-AB41-9D1988D75014}
		{779DBB07-8BD2-4F2E-8831-D832B1EC6F2E} = {48404FE7-79FB-44D4-AB41-9D1988D75014}
		{2320B21C-9E3A-46F3-BADB-36D013DD9EA8} = {92BFA305-1D39-4B88-AE6A-0AF6AB4CB44B}
		{B23F6B0D-98EB-4CEE-8C49-F12D5C45D4D4} = {92BFA305-1D39-4B88-AE6A-0AF6AB4CB44B}
		{5381F02E-7351-4BD7-83A9-51DE137114B5} = {92BFA305-1D39-4B88-AE6A-0AF6AB4CB44B}
	EndGlobalSection
EndGlobal
